// !$*UTF8*$!
{
	archiveVersion = 1;
	classes = {
	};
	objectVersion = 50;
	objects = {

/* Begin PBXBuildFile section */
		3A443FBD2195C4D300398266 /* AppDelegate.swift in Sources */ = {isa = PBXBuildFile; fileRef = 3A443FBC2195C4D300398266 /* AppDelegate.swift */; };
		3A443FBF2195C4D300398266 /* ViewController.swift in Sources */ = {isa = PBXBuildFile; fileRef = 3A443FBE2195C4D300398266 /* ViewController.swift */; };
		3A443FC22195C4D300398266 /* Main.storyboard in Resources */ = {isa = PBXBuildFile; fileRef = 3A443FC02195C4D300398266 /* Main.storyboard */; };
		3A443FC42195C4D500398266 /* Assets.xcassets in Resources */ = {isa = PBXBuildFile; fileRef = 3A443FC32195C4D500398266 /* Assets.xcassets */; };
		3A443FC72195C4D500398266 /* LaunchScreen.storyboard in Resources */ = {isa = PBXBuildFile; fileRef = 3A443FC52195C4D500398266 /* LaunchScreen.storyboard */; };
		3A443FCF2197148900398266 /* photo_2018-09-17_12-17-00.jpg in Resources */ = {isa = PBXBuildFile; fileRef = 3A443FCE2197148900398266 /* photo_2018-09-17_12-17-00.jpg */; };
		3A443FD32197282900398266 /* AboutTableViewController.swift in Sources */ = {isa = PBXBuildFile; fileRef = 3A443FD22197282900398266 /* AboutTableViewController.swift */; };
		3A443FD521973B2600398266 /* UIView + Extension.swift in Sources */ = {isa = PBXBuildFile; fileRef = 3A443FD421973B2600398266 /* UIView + Extension.swift */; };
		3A443FD721973D6600398266 /* Constants.swift in Sources */ = {isa = PBXBuildFile; fileRef = 3A443FD621973D6600398266 /* Constants.swift */; };
		3A86000F21C07FD500ABB4C6 /* photo_2018-09-17_12-17-00.jpg in Resources */ = {isa = PBXBuildFile; fileRef = 3A86000E21C07FD500ABB4C6 /* photo_2018-09-17_12-17-00.jpg */; };
/* End PBXBuildFile section */

/* Begin PBXFileReference section */
		3A443FB92195C4D300398266 /* MeStories.app */ = {isa = PBXFileReference; explicitFileType = wrapper.application; includeInIndex = 0; path = MeStories.app; sourceTree = BUILT_PRODUCTS_DIR; };
		3A443FBC2195C4D300398266 /* AppDelegate.swift */ = {isa = PBXFileReference; lastKnownFileType = sourcecode.swift; path = AppDelegate.swift; sourceTree = "<group>"; };
		3A443FBE2195C4D300398266 /* ViewController.swift */ = {isa = PBXFileReference; lastKnownFileType = sourcecode.swift; path = ViewController.swift; sourceTree = "<group>"; };
		3A443FC12195C4D300398266 /* Base */ = {isa = PBXFileReference; lastKnownFileType = file.storyboard; name = Base; path = Base.lproj/Main.storyboard; sourceTree = "<group>"; };
		3A443FC32195C4D500398266 /* Assets.xcassets */ = {isa = PBXFileReference; lastKnownFileType = folder.assetcatalog; path = Assets.xcassets; sourceTree = "<group>"; };
		3A443FC62195C4D500398266 /* Base */ = {isa = PBXFileReference; lastKnownFileType = file.storyboard; name = Base; path = Base.lproj/LaunchScreen.storyboard; sourceTree = "<group>"; };
		3A443FC82195C4D500398266 /* Info.plist */ = {isa = PBXFileReference; lastKnownFileType = text.plist.xml; path = Info.plist; sourceTree = "<group>"; };
		3A443FCE2197148900398266 /* photo_2018-09-17_12-17-00.jpg */ = {isa = PBXFileReference; lastKnownFileType = image.jpeg; path = "photo_2018-09-17_12-17-00.jpg"; sourceTree = "<group>"; };
		3A443FD22197282900398266 /* AboutTableViewController.swift */ = {isa = PBXFileReference; lastKnownFileType = sourcecode.swift; path = AboutTableViewController.swift; sourceTree = "<group>"; };
		3A443FD421973B2600398266 /* UIView + Extension.swift */ = {isa = PBXFileReference; lastKnownFileType = sourcecode.swift; path = "UIView + Extension.swift"; sourceTree = "<group>"; };
		3A443FD621973D6600398266 /* Constants.swift */ = {isa = PBXFileReference; lastKnownFileType = sourcecode.swift; path = Constants.swift; sourceTree = "<group>"; };
		3A86000E21C07FD500ABB4C6 /* photo_2018-09-17_12-17-00.jpg */ = {isa = PBXFileReference; lastKnownFileType = image.jpeg; path = "photo_2018-09-17_12-17-00.jpg"; sourceTree = "<group>"; };
/* End PBXFileReference section */

/* Begin PBXFrameworksBuildPhase section */
		3A443FB62195C4D300398266 /* Frameworks */ = {
			isa = PBXFrameworksBuildPhase;
			buildActionMask = 2147483647;
			files = (
			);
			runOnlyForDeploymentPostprocessing = 0;
		};
/* End PBXFrameworksBuildPhase section */

/* Begin PBXGroup section */
		3A443FB02195C4D300398266 = {
			isa = PBXGroup;
			children = (
				3A443FBB2195C4D300398266 /* MeStories */,
				3A443FBA2195C4D300398266 /* Products */,
				3A86000E21C07FD500ABB4C6 /* photo_2018-09-17_12-17-00.jpg */,
				3A443FCE2197148900398266 /* photo_2018-09-17_12-17-00.jpg */,
			);
			sourceTree = "<group>";
		};
		3A443FBA2195C4D300398266 /* Products */ = {
			isa = PBXGroup;
			children = (
				3A443FB92195C4D300398266 /* MeStories.app */,
			);
			name = Products;
			sourceTree = "<group>";
		};
		3A443FBB2195C4D300398266 /* MeStories */ = {
			isa = PBXGroup;
			children = (
				3A443FBC2195C4D300398266 /* AppDelegate.swift */,
				3A443FBE2195C4D300398266 /* ViewController.swift */,
				3A443FD22197282900398266 /* AboutTableViewController.swift */,
				3A443FC02195C4D300398266 /* Main.storyboard */,
				3A443FC32195C4D500398266 /* Assets.xcassets */,
				3A443FC52195C4D500398266 /* LaunchScreen.storyboard */,
				3A443FC82195C4D500398266 /* Info.plist */,
				3A443FD421973B2600398266 /* UIView + Extension.swift */,
				3A443FD621973D6600398266 /* Constants.swift */,
			);
			path = MeStories;
			sourceTree = "<group>";
		};
/* End PBXGroup section */

/* Begin PBXNativeTarget section */
		3A443FB82195C4D300398266 /* MeStories */ = {
			isa = PBXNativeTarget;
			buildConfigurationList = 3A443FCB2195C4D500398266 /* Build configuration list for PBXNativeTarget "MeStories" */;
			buildPhases = (
				3A443FB52195C4D300398266 /* Sources */,
				3A443FB62195C4D300398266 /* Frameworks */,
				3A443FB72195C4D300398266 /* Resources */,
			);
			buildRules = (
			);
			dependencies = (
			);
			name = MeStories;
			productName = MeStories;
			productReference = 3A443FB92195C4D300398266 /* MeStories.app */;
			productType = "com.apple.product-type.application";
		};
/* End PBXNativeTarget section */

/* Begin PBXProject section */
		3A443FB12195C4D300398266 /* Project object */ = {
			isa = PBXProject;
			attributes = {
				LastSwiftUpdateCheck = 1010;
				LastUpgradeCheck = 1010;
				ORGANIZATIONNAME = Kakouliadis;
				TargetAttributes = {
					3A443FB82195C4D300398266 = {
						CreatedOnToolsVersion = 10.1;
					};
				};
			};
			buildConfigurationList = 3A443FB42195C4D300398266 /* Build configuration list for PBXProject "MeStories" */;
			compatibilityVersion = "Xcode 9.3";
			developmentRegion = en;
			hasScannedForEncodings = 0;
			knownRegions = (
				en,
				Base,
			);
			mainGroup = 3A443FB02195C4D300398266;
			productRefGroup = 3A443FBA2195C4D300398266 /* Products */;
			projectDirPath = "";
			projectRoot = "";
			targets = (
				3A443FB82195C4D300398266 /* MeStories */,
			);
		};
/* End PBXProject section */

/* Begin PBXResourcesBuildPhase section */
		3A443FB72195C4D300398266 /* Resources */ = {
			isa = PBXResourcesBuildPhase;
			buildActionMask = 2147483647;
			files = (
				3A86000F21C07FD500ABB4C6 /* photo_2018-09-17_12-17-00.jpg in Resources */,
				3A443FC72195C4D500398266 /* LaunchScreen.storyboard in Resources */,
				3A443FC42195C4D500398266 /* Assets.xcassets in Resources */,
				3A443FC22195C4D300398266 /* Main.storyboard in Resources */,
				3A443FCF2197148900398266 /* photo_2018-09-17_12-17-00.jpg in Resources */,
			);
			runOnlyForDeploymentPostprocessing = 0;
		};
/* End PBXResourcesBuildPhase section */

/* Begin PBXSourcesBuildPhase section */
		3A443FB52195C4D300398266 /* Sources */ = {
			isa = PBXSourcesBuildPhase;
			buildActionMask = 2147483647;
			files = (
				3A443FD721973D6600398266 /* Constants.swift in Sources */,
				3A443FD521973B2600398266 /* UIView + Extension.swift in Sources */,
				3A443FBF2195C4D300398266 /* ViewController.swift in Sources */,
				3A443FBD2195C4D300398266 /* AppDelegate.swift in Sources */,
				3A443FD32197282900398266 /* AboutTableViewController.swift in Sources */,
			);
			runOnlyForDeploymentPostprocessing = 0;
		};
/* End PBXSourcesBuildPhase section */

/* Begin PBXVariantGroup section */
		3A443FC02195C4D300398266 /* Main.storyboard */ = {
			isa = PBXVariantGroup;
			children = (
				3A443FC12195C4D300398266 /* Base */,
			);
			name = Main.storyboard;
			sourceTree = "<group>";
		};
		3A443FC52195C4D500398266 /* LaunchScreen.storyboard */ = {
			isa = PBXVariantGroup;
			children = (
				3A443FC62195C4D500398266 /* Base */,
			);
			name = LaunchScreen.storyboard;
			sourceTree = "<group>";
		};
/* End PBXVariantGroup section */

/* Begin XCBuildConfiguration section */
		3A443FC92195C4D500398266 /* Debug */ = {
			isa = XCBuildConfiguration;
			buildSettings = {
				ALWAYS_SEARCH_USER_PATHS = NO;
				CLANG_ANALYZER_NONNULL = YES;
				CLANG_ANALYZER_NUMBER_OBJECT_CONVERSION = YES_AGGRESSIVE;
				CLANG_CXX_LANGUAGE_STANDARD = "gnu++14";
				CLANG_CXX_LIBRARY = "libc++";
				CLANG_ENABLE_MODULES = YES;
				CLANG_ENABLE_OBJC_ARC = YES;
				CLANG_ENABLE_OBJC_WEAK = YES;
				CLANG_WARN_BLOCK_CAPTURE_AUTORELEASING = YES;
				CLANG_WARN_BOOL_CONVERSION = YES;
				CLANG_WARN_COMMA = YES;
				CLANG_WARN_CONSTANT_CONVERSION = YES;
				CLANG_WARN_DEPRECATED_OBJC_IMPLEMENTATIONS = YES;
				CLANG_WARN_DIRECT_OBJC_ISA_USAGE = YES_ERROR;
				CLANG_WARN_DOCUMENTATION_COMMENTS = YES;
				CLANG_WARN_EMPTY_BODY = YES;
				CLANG_WARN_ENUM_CONVERSION = YES;
				CLANG_WARN_INFINITE_RECURSION = YES;
				CLANG_WARN_INT_CONVERSION = YES;
				CLANG_WARN_NON_LITERAL_NULL_CONVERSION = YES;
				CLANG_WARN_OBJC_IMPLICIT_RETAIN_SELF = YES;
				CLANG_WARN_OBJC_LITERAL_CONVERSION = YES;
				CLANG_WARN_OBJC_ROOT_CLASS = YES_ERROR;
				CLANG_WARN_RANGE_LOOP_ANALYSIS = YES;
				CLANG_WARN_STRICT_PROTOTYPES = YES;
				CLANG_WARN_SUSPICIOUS_MOVE = YES;
				CLANG_WARN_UNGUARDED_AVAILABILITY = YES_AGGRESSIVE;
				CLANG_WARN_UNREACHABLE_CODE = YES;
				CLANG_WARN__DUPLICATE_METHOD_MATCH = YES;
				CODE_SIGN_IDENTITY = "iPhone Developer";
				COPY_PHASE_STRIP = NO;
				DEBUG_INFORMATION_FORMAT = dwarf;
				ENABLE_STRICT_OBJC_MSGSEND = YES;
				ENABLE_TESTABILITY = YES;
				GCC_C_LANGUAGE_STANDARD = gnu11;
				GCC_DYNAMIC_NO_PIC = NO;
				GCC_NO_COMMON_BLOCKS = YES;
				GCC_OPTIMIZATION_LEVEL = 0;
				GCC_PREPROCESSOR_DEFINITIONS = (
					"DEBUG=1",
					"$(inherited)",
				);
				GCC_WARN_64_TO_32_BIT_CONVERSION = YES;
				GCC_WARN_ABOUT_RETURN_TYPE = YES_ERROR;
				GCC_WARN_UNDECLARED_SELECTOR = YES;
				GCC_WARN_UNINITIALIZED_AUTOS = YES_AGGRESSIVE;
				GCC_WARN_UNUSED_FUNCTION = YES;
				GCC_WARN_UNUSED_VARIABLE = YES;
				IPHONEOS_DEPLOYMENT_TARGET = 12.1;
				MTL_ENABLE_DEBUG_INFO = INCLUDE_SOURCE;
				MTL_FAST_MATH = YES;
				ONLY_ACTIVE_ARCH = YES;
				SDKROOT = iphoneos;
				SWIFT_ACTIVE_COMPILATION_CONDITIONS = DEBUG;
				SWIFT_OPTIMIZATION_LEVEL = "-Onone";
			};
			name = Debug;
		};
		3A443FCA2195C4D500398266 /* Release */ = {
			isa = XCBuildConfiguration;
			buildSettings = {
				ALWAYS_SEARCH_USER_PATHS = NO;
				CLANG_ANALYZER_NONNULL = YES;
				CLANG_ANALYZER_NUMBER_OBJECT_CONVERSION = YES_AGGRESSIVE;
				CLANG_CXX_LANGUAGE_STANDARD = "gnu++14";
				CLANG_CXX_LIBRARY = "libc++";
				CLANG_ENABLE_MODULES = YES;
				CLANG_ENABLE_OBJC_ARC = YES;
				CLANG_ENABLE_OBJC_WEAK = YES;
				CLANG_WARN_BLOCK_CAPTURE_AUTORELEASING = YES;
				CLANG_WARN_BOOL_CONVERSION = YES;
				CLANG_WARN_COMMA = YES;
				CLANG_WARN_CONSTANT_CONVERSION = YES;
				CLANG_WARN_DEPRECATED_OBJC_IMPLEMENTATIONS = YES;
				CLANG_WARN_DIRECT_OBJC_ISA_USAGE = YES_ERROR;
				CLANG_WARN_DOCUMENTATION_COMMENTS = YES;
				CLANG_WARN_EMPTY_BODY = YES;
				CLANG_WARN_ENUM_CONVERSION = YES;
				CLANG_WARN_INFINITE_RECURSION = YES;
				CLANG_WARN_INT_CONVERSION = YES;
				CLANG_WARN_NON_LITERAL_NULL_CONVERSION = YES;
				CLANG_WARN_OBJC_IMPLICIT_RETAIN_SELF = YES;
				CLANG_WARN_OBJC_LITERAL_CONVERSION = YES;
				CLANG_WARN_OBJC_ROOT_CLASS = YES_ERROR;
				CLANG_WARN_RANGE_LOOP_ANALYSIS = YES;
				CLANG_WARN_STRICT_PROTOTYPES = YES;
				CLANG_WARN_SUSPICIOUS_MOVE = YES;
				CLANG_WARN_UNGUARDED_AVAILABILITY = YES_AGGRESSIVE;
				CLANG_WARN_UNREACHABLE_CODE = YES;
				CLANG_WARN__DUPLICATE_METHOD_MATCH = YES;
				CODE_SIGN_IDENTITY = "iPhone Developer";
				COPY_PHASE_STRIP = NO;
				DEBUG_INFORMATION_FORMAT = "dwarf-with-dsym";
				ENABLE_NS_ASSERTIONS = NO;
				ENABLE_STRICT_OBJC_MSGSEND = YES;
				GCC_C_LANGUAGE_STANDARD = gnu11;
				GCC_NO_COMMON_BLOCKS = YES;
				GCC_WARN_64_TO_32_BIT_CONVERSION = YES;
				GCC_WARN_ABOUT_RETURN_TYPE = YES_ERROR;
				GCC_WARN_UNDECLARED_SELECTOR = YES;
				GCC_WARN_UNINITIALIZED_AUTOS = YES_AGGRESSIVE;
				GCC_WARN_UNUSED_FUNCTION = YES;
				GCC_WARN_UNUSED_VARIABLE = YES;
				IPHONEOS_DEPLOYMENT_TARGET = 12.1;
				MTL_ENABLE_DEBUG_INFO = NO;
				MTL_FAST_MATH = YES;
				SDKROOT = iphoneos;
				SWIFT_COMPILATION_MODE = wholemodule;
				SWIFT_OPTIMIZATION_LEVEL = "-O";
				VALIDATE_PRODUCT = YES;
			};
			name = Release;
		};
		3A443FCC2195C4D500398266 /* Debug */ = {
			isa = XCBuildConfiguration;
			buildSettings = {
				ASSETCATALOG_COMPILER_APPICON_NAME = AppIcon;
				CODE_SIGN_STYLE = Automatic;
				DEVELOPMENT_TEAM = SNC4XS2XG5;
				INFOPLIST_FILE = MeStories/Info.plist;
				LD_RUNPATH_SEARCH_PATHS = (
					"$(inherited)",
					"@executable_path/Frameworks",
				);
				PRODUCT_BUNDLE_IDENTIFIER = kakouliadis.MeStories;
				PRODUCT_NAME = "$(TARGET_NAME)";
				SWIFT_VERSION = 4.2;
				TARGETED_DEVICE_FAMILY = "1,2";
			};
			name = Debug;
		};
		3A443FCD2195C4D500398266 /* Release */ = {
			isa = XCBuildConfiguration;
			buildSettings = {
				ASSETCATALOG_COMPILER_APPICON_NAME = AppIcon;
				CODE_SIGN_STYLE = Automatic;
				DEVELOPMENT_TEAM = SNC4XS2XG5;
				INFOPLIST_FILE = MeStories/Info.plist;
				LD_RUNPATH_SEARCH_PATHS = (
					"$(inherited)",
					"@executable_path/Frameworks",
				);
				PRODUCT_BUNDLE_IDENTIFIER = kakouliadis.MeStories;
				PRODUCT_NAME = "$(TARGET_NAME)";
				SWIFT_VERSION = 4.2;
				TARGETED_DEVICE_FAMILY = "1,2";
			};
			name = Release;
		};
/* End XCBuildConfiguration section */

/* Begin XCConfigurationList section */
		3A443FB42195C4D300398266 /* Build configuration list for PBXProject "MeStories" */ = {
			isa = XCConfigurationList;
			buildConfigurations = (
				3A443FC92195C4D500398266 /* Debug */,
				3A443FCA2195C4D500398266 /* Release */,
			);
			defaultConfigurationIsVisible = 0;
			defaultConfigurationName = Release;
		};
		3A443FCB2195C4D500398266 /* Build configuration list for PBXNativeTarget "MeStories" */ = {
			isa = XCConfigurationList;
			buildConfigurations = (
				3A443FCC2195C4D500398266 /* Debug */,
				3A443FCD2195C4D500398266 /* Release */,
			);
			defaultConfigurationIsVisible = 0;
			defaultConfigurationName = Release;
		};
/* End XCConfigurationList section */
	};
	rootObject = 3A443FB12195C4D300398266 /* Project object */;
}
